
Microsoft Visual Studio Solution File, Format Version 12.00
# Visual Studio Version 17
VisualStudioVersion = 17.5.33627.172
MinimumVisualStudioVersion = 10.0.40219.1
Project("{9A19103F-16F7-4668-BE54-9A1E7A4F7556}") = "ShoppingCart.Web", "ShoppingCart.Web\ShoppingCart.Web.csproj", "{38546ED7-3D00-47CC-A204-C6C58909A188}"
EndProject
Project("{9A19103F-16F7-4668-BE54-9A1E7A4F7556}") = "ShoppingCart.Api", "ShoppingCart.Api\ShoppingCart.Api.csproj", "{4321DFB8-EB41-4339-85F0-F889FBA7F6BF}"
EndProject
Project("{FAE04EC0-301F-11D3-BF4B-00C04F79EFBC}") = "ShoppingCart.Models", "ShoppingCart.Models\ShoppingCart.Models.csproj", "{4DF8132E-4688-400E-8A8B-C9FD61162367}"
EndProject
Global
	GlobalSection(SolutionConfigurationPlatforms) = preSolution
		Debug|Any CPU = Debug|Any CPU
		Release|Any CPU = Release|Any CPU
	EndGlobalSection
	GlobalSection(ProjectConfigurationPlatforms) = postSolution
		{38546ED7-3D00-47CC-A204-C6C58909A188}.Debug|Any CPU.ActiveCfg = Debug|Any CPU
		{38546ED7-3D00-47CC-A204-C6C58909A188}.Debug|Any CPU.Build.0 = Debug|Any CPU
		{38546ED7-3D00-47CC-A204-C6C58909A188}.Release|Any CPU.ActiveCfg = Release|Any CPU
		{38546ED7-3D00-47CC-A204-C6C58909A188}.Release|Any CPU.Build.0 = Release|Any CPU
		{4321DFB8-EB41-4339-85F0-F889FBA7F6BF}.Debug|Any CPU.ActiveCfg = Debug|Any CPU
		{4321DFB8-EB41-4339-85F0-F889FBA7F6BF}.Debug|Any CPU.Build.0 = Debug|Any CPU
		{4321DFB8-EB41-4339-85F0-F889FBA7F6BF}.Release|Any CPU.ActiveCfg = Release|Any CPU
		{4321DFB8-EB41-4339-85F0-F889FBA7F6BF}.Release|Any CPU.Build.0 = Release|Any CPU
		{4DF8132E-4688-400E-8A8B-C9FD61162367}.Debug|Any CPU.ActiveCfg = Debug|Any CPU
		{4DF8132E-4688-400E-8A8B-C9FD61162367}.Debug|Any CPU.Build.0 = Debug|Any CPU
		{4DF8132E-4688-400E-8A8B-C9FD61162367}.Release|Any CPU.ActiveCfg = Release|Any CPU
		{4DF8132E-4688-400E-8A8B-C9FD61162367}.Release|Any CPU.Build.0 = Release|Any CPU
	EndGlobalSection
	GlobalSection(SolutionProperties) = preSolution
		HideSolutionNode = FALSE
	EndGlobalSection
	GlobalSection(ExtensibilityGlobals) = postSolution
		SolutionGuid = {A1D0A7B3-C1C0-4D87-A65C-EC0A035F07DB}
	EndGlobalSection
EndGlobal
